<?xml version="1.0" encoding="utf-8"?>
<Project ToolsVersion="4.0" xmlns="http://schemas.microsoft.com/developer/msbuild/2003">
  <ItemGroup>
    <Filter Include="Source Files">
      <UniqueIdentifier>{4FC737F1-C7A5-4376-A066-2A32D752A2FF}</UniqueIdentifier>
      <Extensions>cpp;c;cc;cxx;def;odl;idl;hpj;bat;asm;asmx</Extensions>
    </Filter>
    <Filter Include="Header Files">
      <UniqueIdentifier>{93995380-89BD-4b04-88EB-625FBE52EBFB}</UniqueIdentifier>
      <Extensions>h;hh;hpp;hxx;hm;inl;inc;xsd</Extensions>
    </Filter>
    <Filter Include="Resource Files">
      <UniqueIdentifier>{67DA6AB6-F800-4c08-8B7A-83BB121AAD01}</UniqueIdentifier>
      <Extensions>rc;ico;cur;bmp;dlg;rc2;rct;bin;rgs;gif;jpg;jpeg;jpe;resx;tiff;tif;png;wav;mfcribbon-ms</Extensions>
    </Filter>
    <Filter Include="Source Files\SRMPractice">
      <UniqueIdentifier>{385fbc00-5297-4d0a-80e8-6ad79e1b2e41}</UniqueIdentifier>
    </Filter>
    <Filter Include="Source Files\SRMPractice\DynamicProgramming">
      <UniqueIdentifier>{eabb62b3-2a16-4528-9435-6755b91d7e42}</UniqueIdentifier>
    </Filter>
    <Filter Include="Source Files\SRMPractice\DynamicProgramming\QuickSums">
      <UniqueIdentifier>{34a987bb-1bf4-44f5-a2c8-4385b49ccfbd}</UniqueIdentifier>
    </Filter>
    <Filter Include="Header Files\SRMPractice">
      <UniqueIdentifier>{e56d920a-5f4c-49a6-a665-5ee3a42c4abc}</UniqueIdentifier>
    </Filter>
    <Filter Include="Header Files\SRMPractice\DynamicProgramming">
      <UniqueIdentifier>{8aef29f3-4663-4e6b-9e96-6fac0c1e4550}</UniqueIdentifier>
    </Filter>
    <Filter Include="Source Files\SRMPractice\DynamicProgramming\StripePainter">
      <UniqueIdentifier>{289fec9b-5215-4359-8558-10a442c6ad04}</UniqueIdentifier>
    </Filter>
    <Filter Include="Source Files\SRMPractice\GraphSearching">
      <UniqueIdentifier>{2f6000cf-b1d5-4128-b1ef-ba3a91fa858e}</UniqueIdentifier>
    </Filter>
    <Filter Include="Source Files\SRMPractice\GraphSearching\GooseInZooDivTwo">
      <UniqueIdentifier>{0d253d5b-0edb-4313-a606-b64577895911}</UniqueIdentifier>
    </Filter>
    <Filter Include="Source Files\SRMPractice\GraphSearching\ChessMetric">
      <UniqueIdentifier>{f31e0c24-5782-4455-9d40-5cc21bd7e5c7}</UniqueIdentifier>
    </Filter>
    <Filter Include="Header Files\SRMPractice\GraphSearching">
      <UniqueIdentifier>{a59ab02d-f3f4-4bf4-9d9e-7278b1d29948}</UniqueIdentifier>
    </Filter>
    <Filter Include="Source Files\SRMPractice\GraphSearching\FriendScore">
      <UniqueIdentifier>{0dce76d1-d545-472c-b80d-71c323e5e6fe}</UniqueIdentifier>
    </Filter>
    <Filter Include="Source Files\SRMPractice\DynamicProgramming\BoardFolding">
      <UniqueIdentifier>{745b5a08-e89c-4d4d-8de4-9e228696d9aa}</UniqueIdentifier>
    </Filter>
  </ItemGroup>
  <ItemGroup>
    <ClCompile Include="Source.cpp">
      <Filter>Source Files</Filter>
    </ClCompile>
    <ClCompile Include="QuickSums.cpp">
      <Filter>Source Files\SRMPractice\DynamicProgramming\QuickSums</Filter>
    </ClCompile>
    <ClCompile Include="StripePainter.cpp">
      <Filter>Source Files\SRMPractice\DynamicProgramming\StripePainter</Filter>
    </ClCompile>
    <ClCompile Include="QuickSums2.cpp">
      <Filter>Source Files\SRMPractice\DynamicProgramming\QuickSums</Filter>
    </ClCompile>
    <ClCompile Include="Experimenting.cpp">
      <Filter>Source Files</Filter>
    </ClCompile>
    <ClCompile Include="GooseInZooDivTwo.cpp">
      <Filter>Source Files\SRMPractice\GraphSearching\GooseInZooDivTwo</Filter>
    </ClCompile>
    <ClCompile Include="ChessMetric.cpp">
      <Filter>Source Files\SRMPractice\GraphSearching\ChessMetric</Filter>
    </ClCompile>
    <ClCompile Include="FriendScore.cpp">
      <Filter>Source Files\SRMPractice\GraphSearching\FriendScore</Filter>
    </ClCompile>
    <ClCompile Include="BoardFolding.cpp">
      <Filter>Source Files\SRMPractice\DynamicProgramming\BoardFolding</Filter>
    </ClCompile>
  </ItemGroup>
  <ItemGroup>
    <ClInclude Include="QuickSums.h">
      <Filter>Header Files\SRMPractice\DynamicProgramming</Filter>
    </ClInclude>
    <ClInclude Include="StripePainter.h">
      <Filter>Header Files\SRMPractice\DynamicProgramming</Filter>
    </ClInclude>
    <ClInclude Include="ChessMetric.h">
      <Filter>Header Files\SRMPractice\GraphSearching</Filter>
    </ClInclude>
    <ClInclude Include="GooseInZooDivTwo.h">
      <Filter>Header Files\SRMPractice\GraphSearching</Filter>
    </ClInclude>
    <ClInclude Include="FriendScore.h">
      <Filter>Header Files\SRMPractice\GraphSearching</Filter>
    </ClInclude>
    <ClInclude Include="BoardFolding.h">
      <Filter>Header Files\SRMPractice\DynamicProgramming</Filter>
    </ClInclude>
  </ItemGroup>
  <ItemGroup>
    <Text Include="StripePainterProblemStatement.txt">
      <Filter>Source Files\SRMPractice\DynamicProgramming\StripePainter</Filter>
    </Text>
    <Text Include="QuickSumsProblemStatement.txt">
      <Filter>Source Files\SRMPractice\DynamicProgramming\QuickSums</Filter>
    </Text>
    <Text Include="ProblemStatement.txt">
      <Filter>Source Files\SRMPractice\GraphSearching\GooseInZooDivTwo</Filter>
    </Text>
    <Text Include="ChessMetricProblemStatment.txt">
      <Filter>Source Files\SRMPractice\GraphSearching\ChessMetric</Filter>
    </Text>
    <Text Include="FriendScoreProblemStatement.txt">
      <Filter>Source Files\SRMPractice\GraphSearching\FriendScore</Filter>
    </Text>
    <Text Include="BoardFoldingProblemStatement.txt">
      <Filter>Source Files\SRMPractice\DynamicProgramming\BoardFolding</Filter>
    </Text>
  </ItemGroup>
</Project>